
Microsoft Visual Studio Solution File, Format Version 12.00
# Visual Studio Version 16
VisualStudioVersion = 16.0.34301.259
MinimumVisualStudioVersion = 10.0.40219.1
Project("{FAE04EC0-301F-11D3-BF4B-00C04F79EFBC}") = "test_win", "test_win\test_win.csproj", "{76A3A6CD-D98D-4E6B-96C7-5AA94D53E319}"
EndProject
Global
	GlobalSection(SolutionConfigurationPlatforms) = preSolution
		Debug|Any CPU = Debug|Any CPU
		Debug|x86 = Debug|x86
		Release|Any CPU = Release|Any CPU
		Release|x86 = Release|x86
	EndGlobalSection
	GlobalSection(ProjectConfigurationPlatforms) = postSolution
		{76A3A6CD-D98D-4E6B-96C7-5AA94D53E319}.Debug|Any CPU.ActiveCfg = Debug|Any CPU
		{76A3A6CD-D98D-4E6B-96C7-5AA94D53E319}.Debug|Any CPU.Build.0 = Debug|Any CPU
		{76A3A6CD-D98D-4E6B-96C7-5AA94D53E319}.Debug|x86.ActiveCfg = Debug|x86
		{76A3A6CD-D98D-4E6B-96C7-5AA94D53E319}.Debug|x86.Build.0 = Debug|x86
		{76A3A6CD-D98D-4E6B-96C7-5AA94D53E319}.Release|Any CPU.ActiveCfg = Release|Any CPU
		{76A3A6CD-D98D-4E6B-96C7-5AA94D53E319}.Release|Any CPU.Build.0 = Release|Any CPU
		{76A3A6CD-D98D-4E6B-96C7-5AA94D53E319}.Release|x86.ActiveCfg = Release|x86
		{76A3A6CD-D98D-4E6B-96C7-5AA94D53E319}.Release|x86.Build.0 = Release|x86
	EndGlobalSection
	GlobalSection(SolutionProperties) = preSolution
		HideSolutionNode = FALSE
	EndGlobalSection
	GlobalSection(ExtensibilityGlobals) = postSolution
		SolutionGuid = {ABCC48C1-2EF2-4399-847E-5EB03ADD8F65}
	EndGlobalSection
EndGlobal
